
Microsoft Visual Studio Solution File, Format Version 12.00
# Visual Studio Version 16
VisualStudioVersion = 16.0.29509.3
MinimumVisualStudioVersion = 10.0.40219.1
Project("{9A19103F-16F7-4668-BE54-9A1E7A4F7556}") = "AtividadesUdemySecao5", "AtividadesUdemySecao5\AtividadesUdemySecao5.csproj", "{77EA8291-E395-4485-9B89-90BF1BB87F2D}"
EndProject
Project("{9A19103F-16F7-4668-BE54-9A1E7A4F7556}") = "Vetores", "Vetores\Vetores.csproj", "{D8F76A4F-7574-41D0-8FA7-D564634F655C}"
EndProject
Project("{9A19103F-16F7-4668-BE54-9A1E7A4F7556}") = "Listas", "Listas\Listas.csproj", "{1727329D-4B65-4C0E-B1BB-C32E44A9DD07}"
EndProject
Project("{9A19103F-16F7-4668-BE54-9A1E7A4F7556}") = "Matrizes", "Matrizes\Matrizes.csproj", "{A9570F9C-BE55-4ECE-977A-DAAA9D7AEC36}"
EndProject
Project("{9A19103F-16F7-4668-BE54-9A1E7A4F7556}") = "Conjuntos", "Conjuntos\Conjuntos.csproj", "{FD026DB6-C06A-4FE1-83E6-A2E31317C810}"
EndProject
Project("{2150E333-8FDC-42A3-9474-1A3956D46DE8}") = "Atividades Logica", "Atividades Logica", "{2154BA8C-1AE5-4BD7-909D-76CBA2B3303B}"
EndProject
Project("{2150E333-8FDC-42A3-9474-1A3956D46DE8}") = "Atividades OO", "Atividades OO", "{DCCC08DA-9D41-47E0-A794-80D9819D0902}"
EndProject
Project("{9A19103F-16F7-4668-BE54-9A1E7A4F7556}") = "Exercicio01", "Exercicio 01\Exercicio01.csproj", "{A71FB6B9-53A8-4B5E-B783-529FDD368706}"
EndProject
Project("{9A19103F-16F7-4668-BE54-9A1E7A4F7556}") = "Exercicio02", "Exercicio 02\Exercicio02.csproj", "{8B3C7E34-1F14-47A8-8B20-3B7E38F05CD6}"
EndProject
Project("{9A19103F-16F7-4668-BE54-9A1E7A4F7556}") = "Exercicio03", "Exercicio03\Exercicio03.csproj", "{20D10CD4-2D85-46BC-B7AE-E42797DBE865}"
EndProject
Project("{9A19103F-16F7-4668-BE54-9A1E7A4F7556}") = "Exercicio04", "Exercicio04\Exercicio04.csproj", "{F059F938-7BA0-40DF-B2A2-13A5EADCE776}"
EndProject
Project("{9A19103F-16F7-4668-BE54-9A1E7A4F7556}") = "Exercicio05", "Exercicio05\Exercicio05.csproj", "{B273EDE3-9890-4FD2-9343-D259D097B9EE}"
EndProject
Project("{9A19103F-16F7-4668-BE54-9A1E7A4F7556}") = "Exercicio06", "Exercicio06\Exercicio06.csproj", "{E1C50B37-5E96-48CB-BEC0-0AEA932A75E5}"
EndProject
Project("{9A19103F-16F7-4668-BE54-9A1E7A4F7556}") = "Exercicio07", "Exercicio07\Exercicio07.csproj", "{244713A6-C394-4034-AB71-8EBD3EE714EF}"
EndProject
Project("{9A19103F-16F7-4668-BE54-9A1E7A4F7556}") = "Exercicio08", "Exercicio08\Exercicio08.csproj", "{235028C7-E923-46A6-B02F-9DCE1F99B687}"
EndProject
Project("{9A19103F-16F7-4668-BE54-9A1E7A4F7556}") = "Exercicio09", "Exercicio09\Exercicio09.csproj", "{D5D5AE2D-9816-4943-BBD5-94AC265B9695}"
EndProject
Project("{9A19103F-16F7-4668-BE54-9A1E7A4F7556}") = "Exercicio10", "Exercicio10\Exercicio10.csproj", "{2F489BD9-B6F3-4605-95D3-F92D5CC8BC6D}"
EndProject
Project("{9A19103F-16F7-4668-BE54-9A1E7A4F7556}") = "Exercicio11", "Exercicio11\Exercicio11.csproj", "{579D4046-F125-429B-AED6-EB24BBD82DC1}"
EndProject
Project("{9A19103F-16F7-4668-BE54-9A1E7A4F7556}") = "Exercicio12", "Exercicio12\Exercicio12.csproj", "{F0CFAAE1-3F07-46E8-86D3-DE8BD988F1BA}"
EndProject
Project("{9A19103F-16F7-4668-BE54-9A1E7A4F7556}") = "Exercicio13", "Exercicio13\Exercicio13.csproj", "{72B72F2E-39F0-4633-AD9E-4F0CF9BCA0C4}"
EndProject
Project("{9A19103F-16F7-4668-BE54-9A1E7A4F7556}") = "Exercicio14", "Exercicio14\Exercicio14.csproj", "{C923D4EC-2E90-4E21-9C91-77CBC38AAEF3}"
EndProject
Project("{9A19103F-16F7-4668-BE54-9A1E7A4F7556}") = "Exercicio15", "Exercicio15\Exercicio15.csproj", "{07C785FC-677B-4282-812E-E0DBA3716A88}"
EndProject
Project("{9A19103F-16F7-4668-BE54-9A1E7A4F7556}") = "Exercicio16", "Exercicio16\Exercicio16.csproj", "{FC45B518-C79A-468D-9B67-66235F212810}"
EndProject
Project("{9A19103F-16F7-4668-BE54-9A1E7A4F7556}") = "Exercicio17", "Exercicio17\Exercicio17.csproj", "{92C20029-FF74-425B-86D5-910CCD3BD0CF}"
EndProject
Project("{9A19103F-16F7-4668-BE54-9A1E7A4F7556}") = "Exercicio18", "Exercicio18\Exercicio18.csproj", "{51C0A940-983A-4CD6-9853-6400D00C88AD}"
EndProject
Project("{9A19103F-16F7-4668-BE54-9A1E7A4F7556}") = "Exercicio19", "Exercicio19\Exercicio19.csproj", "{F7BFFFD5-9CAF-4025-99A2-09853E441261}"
EndProject
Project("{9A19103F-16F7-4668-BE54-9A1E7A4F7556}") = "Exercicio20", "Exercicio20\Exercicio20.csproj", "{B50062AA-7A4D-4B70-950F-4BA9DE322A08}"
EndProject
Project("{9A19103F-16F7-4668-BE54-9A1E7A4F7556}") = "Exercicio21", "Exercicio21\Exercicio21.csproj", "{49DAE076-7080-4C24-AFD0-8E4B79949E2D}"
EndProject
Project("{9A19103F-16F7-4668-BE54-9A1E7A4F7556}") = "Exercicio22", "Exercicio22\Exercicio22.csproj", "{6D252BBA-F323-4D53-B311-60F5458CE7CA}"
EndProject
Project("{9A19103F-16F7-4668-BE54-9A1E7A4F7556}") = "Exercicio23", "Exercicio23\Exercicio23.csproj", "{300F6E48-3BFB-46FB-9405-9ED1EEABEDA5}"
EndProject
Project("{9A19103F-16F7-4668-BE54-9A1E7A4F7556}") = "Exercicio24", "Exercicio24\Exercicio24.csproj", "{8E631974-6B54-494E-9D6F-01DCB6560C7A}"
EndProject
Project("{9A19103F-16F7-4668-BE54-9A1E7A4F7556}") = "Exercicio25", "Exercicio25\Exercicio25.csproj", "{B026DBE8-A61C-44B3-BC88-D3EB07EBC578}"
EndProject
Project("{9A19103F-16F7-4668-BE54-9A1E7A4F7556}") = "Exercicio26", "Exercicio26\Exercicio26.csproj", "{30A2DFB3-B11E-4A32-B644-C40686EFC0E4}"
EndProject
Project("{2150E333-8FDC-42A3-9474-1A3956D46DE8}") = "Estrutura Sequencial01", "Estrutura Sequencial01", "{C17D960F-6A8C-4E2B-8058-F693F4CFBC84}"
EndProject
Project("{2150E333-8FDC-42A3-9474-1A3956D46DE8}") = "Estrutura Condicional02", "Estrutura Condicional02", "{A40C868D-5AD2-4ECD-8B5C-C704670D312A}"
EndProject
Project("{2150E333-8FDC-42A3-9474-1A3956D46DE8}") = "Estrutura Repetitiva While03", "Estrutura Repetitiva While03", "{7E22A314-EC84-4299-88EC-92247FC5B460}"
EndProject
Project("{2150E333-8FDC-42A3-9474-1A3956D46DE8}") = "Estrutura Repetitiva For04", "Estrutura Repetitiva For04", "{88220E5C-BC88-46ED-9731-EFB442C16BDB}"
EndProject
Project("{2150E333-8FDC-42A3-9474-1A3956D46DE8}") = "Exercicio Classes,Objetos e ATRIBUTOS", "Exercicio Classes,Objetos e ATRIBUTOS", "{D550F3D8-9659-440B-AB89-14A93CB47262}"
EndProject
Project("{9A19103F-16F7-4668-BE54-9A1E7A4F7556}") = "Exercicio27", "Exercicio27\Exercicio27.csproj", "{2179ADEA-BD86-499C-923B-DAA1EEE072D0}"
EndProject
Project("{9A19103F-16F7-4668-BE54-9A1E7A4F7556}") = "Exercicio28", "Exercicio28\Exercicio28.csproj", "{6C4FC77E-88CB-44B7-A41A-6E6731055E2E}"
EndProject
Project("{9A19103F-16F7-4668-BE54-9A1E7A4F7556}") = "Exercicio29", "Exercicio29\Exercicio29.csproj", "{A55A9A2C-7071-4746-804C-9B56D586C6F8}"
EndProject
Project("{9A19103F-16F7-4668-BE54-9A1E7A4F7556}") = "Exercicio30", "Exercicio30\Exercicio30.csproj", "{A8171038-B30A-4784-9AE2-51D0ABB5FCBF}"
EndProject
Project("{9A19103F-16F7-4668-BE54-9A1E7A4F7556}") = "Exercicio31", "Exercicio31\Exercicio31.csproj", "{557ECEAE-FC5E-447C-9F27-35D618796E85}"
EndProject
Project("{9A19103F-16F7-4668-BE54-9A1E7A4F7556}") = "ExercicioFixacaoMembrosEstaticos", "ExercicioFixacaoMembrosEstaticos\ExercicioFixacaoMembrosEstaticos.csproj", "{2D81E0E0-BD3F-441D-AACB-1EB64004C4DF}"
EndProject
Project("{9A19103F-16F7-4668-BE54-9A1E7A4F7556}") = "EnumsEComposicao", "EnumsEComposicao\EnumsEComposicao.csproj", "{AF5E4E92-AED6-4D94-A521-7064FFAF62E2}"
EndProject
Project("{FAE04EC0-301F-11D3-BF4B-00C04F79EFBC}") = "HerancaEPolimorfismo", "HerancaEPolimorfismo\HerancaEPolimorfismo.csproj", "{AC4D1363-FA3D-4C84-98EF-FA7E56745F91}"
EndProject
Project("{FAE04EC0-301F-11D3-BF4B-00C04F79EFBC}") = "MetodosAbstratos", "MetodosAbstratos\MetodosAbstratos.csproj", "{50A42F4E-2148-48CB-9848-7D6380435487}"
EndProject
Global
	GlobalSection(SolutionConfigurationPlatforms) = preSolution
		Debug|Any CPU = Debug|Any CPU
		Release|Any CPU = Release|Any CPU
	EndGlobalSection
	GlobalSection(ProjectConfigurationPlatforms) = postSolution
		{77EA8291-E395-4485-9B89-90BF1BB87F2D}.Debug|Any CPU.ActiveCfg = Debug|Any CPU
		{77EA8291-E395-4485-9B89-90BF1BB87F2D}.Debug|Any CPU.Build.0 = Debug|Any CPU
		{77EA8291-E395-4485-9B89-90BF1BB87F2D}.Release|Any CPU.ActiveCfg = Release|Any CPU
		{77EA8291-E395-4485-9B89-90BF1BB87F2D}.Release|Any CPU.Build.0 = Release|Any CPU
		{D8F76A4F-7574-41D0-8FA7-D564634F655C}.Debug|Any CPU.ActiveCfg = Debug|Any CPU
		{D8F76A4F-7574-41D0-8FA7-D564634F655C}.Debug|Any CPU.Build.0 = Debug|Any CPU
		{D8F76A4F-7574-41D0-8FA7-D564634F655C}.Release|Any CPU.ActiveCfg = Release|Any CPU
		{D8F76A4F-7574-41D0-8FA7-D564634F655C}.Release|Any CPU.Build.0 = Release|Any CPU
		{1727329D-4B65-4C0E-B1BB-C32E44A9DD07}.Debug|Any CPU.ActiveCfg = Debug|Any CPU
		{1727329D-4B65-4C0E-B1BB-C32E44A9DD07}.Debug|Any CPU.Build.0 = Debug|Any CPU
		{1727329D-4B65-4C0E-B1BB-C32E44A9DD07}.Release|Any CPU.ActiveCfg = Release|Any CPU
		{1727329D-4B65-4C0E-B1BB-C32E44A9DD07}.Release|Any CPU.Build.0 = Release|Any CPU
		{A9570F9C-BE55-4ECE-977A-DAAA9D7AEC36}.Debug|Any CPU.ActiveCfg = Debug|Any CPU
		{A9570F9C-BE55-4ECE-977A-DAAA9D7AEC36}.Debug|Any CPU.Build.0 = Debug|Any CPU
		{A9570F9C-BE55-4ECE-977A-DAAA9D7AEC36}.Release|Any CPU.ActiveCfg = Release|Any CPU
		{A9570F9C-BE55-4ECE-977A-DAAA9D7AEC36}.Release|Any CPU.Build.0 = Release|Any CPU
		{FD026DB6-C06A-4FE1-83E6-A2E31317C810}.Debug|Any CPU.ActiveCfg = Debug|Any CPU
		{FD026DB6-C06A-4FE1-83E6-A2E31317C810}.Debug|Any CPU.Build.0 = Debug|Any CPU
		{FD026DB6-C06A-4FE1-83E6-A2E31317C810}.Release|Any CPU.ActiveCfg = Release|Any CPU
		{FD026DB6-C06A-4FE1-83E6-A2E31317C810}.Release|Any CPU.Build.0 = Release|Any CPU
		{A71FB6B9-53A8-4B5E-B783-529FDD368706}.Debug|Any CPU.ActiveCfg = Debug|Any CPU
		{A71FB6B9-53A8-4B5E-B783-529FDD368706}.Debug|Any CPU.Build.0 = Debug|Any CPU
		{A71FB6B9-53A8-4B5E-B783-529FDD368706}.Release|Any CPU.ActiveCfg = Release|Any CPU
		{A71FB6B9-53A8-4B5E-B783-529FDD368706}.Release|Any CPU.Build.0 = Release|Any CPU
		{8B3C7E34-1F14-47A8-8B20-3B7E38F05CD6}.Debug|Any CPU.ActiveCfg = Debug|Any CPU
		{8B3C7E34-1F14-47A8-8B20-3B7E38F05CD6}.Debug|Any CPU.Build.0 = Debug|Any CPU
		{8B3C7E34-1F14-47A8-8B20-3B7E38F05CD6}.Release|Any CPU.ActiveCfg = Release|Any CPU
		{8B3C7E34-1F14-47A8-8B20-3B7E38F05CD6}.Release|Any CPU.Build.0 = Release|Any CPU
		{20D10CD4-2D85-46BC-B7AE-E42797DBE865}.Debug|Any CPU.ActiveCfg = Debug|Any CPU
		{20D10CD4-2D85-46BC-B7AE-E42797DBE865}.Debug|Any CPU.Build.0 = Debug|Any CPU
		{20D10CD4-2D85-46BC-B7AE-E42797DBE865}.Release|Any CPU.ActiveCfg = Release|Any CPU
		{20D10CD4-2D85-46BC-B7AE-E42797DBE865}.Release|Any CPU.Build.0 = Release|Any CPU
		{F059F938-7BA0-40DF-B2A2-13A5EADCE776}.Debug|Any CPU.ActiveCfg = Debug|Any CPU
		{F059F938-7BA0-40DF-B2A2-13A5EADCE776}.Debug|Any CPU.Build.0 = Debug|Any CPU
		{F059F938-7BA0-40DF-B2A2-13A5EADCE776}.Release|Any CPU.ActiveCfg = Release|Any CPU
		{F059F938-7BA0-40DF-B2A2-13A5EADCE776}.Release|Any CPU.Build.0 = Release|Any CPU
		{B273EDE3-9890-4FD2-9343-D259D097B9EE}.Debug|Any CPU.ActiveCfg = Debug|Any CPU
		{B273EDE3-9890-4FD2-9343-D259D097B9EE}.Debug|Any CPU.Build.0 = Debug|Any CPU
		{B273EDE3-9890-4FD2-9343-D259D097B9EE}.Release|Any CPU.ActiveCfg = Release|Any CPU
		{B273EDE3-9890-4FD2-9343-D259D097B9EE}.Release|Any CPU.Build.0 = Release|Any CPU
		{E1C50B37-5E96-48CB-BEC0-0AEA932A75E5}.Debug|Any CPU.ActiveCfg = Debug|Any CPU
		{E1C50B37-5E96-48CB-BEC0-0AEA932A75E5}.Debug|Any CPU.Build.0 = Debug|Any CPU
		{E1C50B37-5E96-48CB-BEC0-0AEA932A75E5}.Release|Any CPU.ActiveCfg = Release|Any CPU
		{E1C50B37-5E96-48CB-BEC0-0AEA932A75E5}.Release|Any CPU.Build.0 = Release|Any CPU
		{244713A6-C394-4034-AB71-8EBD3EE714EF}.Debug|Any CPU.ActiveCfg = Debug|Any CPU
		{244713A6-C394-4034-AB71-8EBD3EE714EF}.Debug|Any CPU.Build.0 = Debug|Any CPU
		{244713A6-C394-4034-AB71-8EBD3EE714EF}.Release|Any CPU.ActiveCfg = Release|Any CPU
		{244713A6-C394-4034-AB71-8EBD3EE714EF}.Release|Any CPU.Build.0 = Release|Any CPU
		{235028C7-E923-46A6-B02F-9DCE1F99B687}.Debug|Any CPU.ActiveCfg = Debug|Any CPU
		{235028C7-E923-46A6-B02F-9DCE1F99B687}.Debug|Any CPU.Build.0 = Debug|Any CPU
		{235028C7-E923-46A6-B02F-9DCE1F99B687}.Release|Any CPU.ActiveCfg = Release|Any CPU
		{235028C7-E923-46A6-B02F-9DCE1F99B687}.Release|Any CPU.Build.0 = Release|Any CPU
		{D5D5AE2D-9816-4943-BBD5-94AC265B9695}.Debug|Any CPU.ActiveCfg = Debug|Any CPU
		{D5D5AE2D-9816-4943-BBD5-94AC265B9695}.Debug|Any CPU.Build.0 = Debug|Any CPU
		{D5D5AE2D-9816-4943-BBD5-94AC265B9695}.Release|Any CPU.ActiveCfg = Release|Any CPU
		{D5D5AE2D-9816-4943-BBD5-94AC265B9695}.Release|Any CPU.Build.0 = Release|Any CPU
		{2F489BD9-B6F3-4605-95D3-F92D5CC8BC6D}.Debug|Any CPU.ActiveCfg = Debug|Any CPU
		{2F489BD9-B6F3-4605-95D3-F92D5CC8BC6D}.Debug|Any CPU.Build.0 = Debug|Any CPU
		{2F489BD9-B6F3-4605-95D3-F92D5CC8BC6D}.Release|Any CPU.ActiveCfg = Release|Any CPU
		{2F489BD9-B6F3-4605-95D3-F92D5CC8BC6D}.Release|Any CPU.Build.0 = Release|Any CPU
		{579D4046-F125-429B-AED6-EB24BBD82DC1}.Debug|Any CPU.ActiveCfg = Debug|Any CPU
		{579D4046-F125-429B-AED6-EB24BBD82DC1}.Debug|Any CPU.Build.0 = Debug|Any CPU
		{579D4046-F125-429B-AED6-EB24BBD82DC1}.Release|Any CPU.ActiveCfg = Release|Any CPU
		{579D4046-F125-429B-AED6-EB24BBD82DC1}.Release|Any CPU.Build.0 = Release|Any CPU
		{F0CFAAE1-3F07-46E8-86D3-DE8BD988F1BA}.Debug|Any CPU.ActiveCfg = Debug|Any CPU
		{F0CFAAE1-3F07-46E8-86D3-DE8BD988F1BA}.Debug|Any CPU.Build.0 = Debug|Any CPU
		{F0CFAAE1-3F07-46E8-86D3-DE8BD988F1BA}.Release|Any CPU.ActiveCfg = Release|Any CPU
		{F0CFAAE1-3F07-46E8-86D3-DE8BD988F1BA}.Release|Any CPU.Build.0 = Release|Any CPU
		{72B72F2E-39F0-4633-AD9E-4F0CF9BCA0C4}.Debug|Any CPU.ActiveCfg = Debug|Any CPU
		{72B72F2E-39F0-4633-AD9E-4F0CF9BCA0C4}.Debug|Any CPU.Build.0 = Debug|Any CPU
		{72B72F2E-39F0-4633-AD9E-4F0CF9BCA0C4}.Release|Any CPU.ActiveCfg = Release|Any CPU
		{72B72F2E-39F0-4633-AD9E-4F0CF9BCA0C4}.Release|Any CPU.Build.0 = Release|Any CPU
		{C923D4EC-2E90-4E21-9C91-77CBC38AAEF3}.Debug|Any CPU.ActiveCfg = Debug|Any CPU
		{C923D4EC-2E90-4E21-9C91-77CBC38AAEF3}.Debug|Any CPU.Build.0 = Debug|Any CPU
		{C923D4EC-2E90-4E21-9C91-77CBC38AAEF3}.Release|Any CPU.ActiveCfg = Release|Any CPU
		{C923D4EC-2E90-4E21-9C91-77CBC38AAEF3}.Release|Any CPU.Build.0 = Release|Any CPU
		{07C785FC-677B-4282-812E-E0DBA3716A88}.Debug|Any CPU.ActiveCfg = Debug|Any CPU
		{07C785FC-677B-4282-812E-E0DBA3716A88}.Debug|Any CPU.Build.0 = Debug|Any CPU
		{07C785FC-677B-4282-812E-E0DBA3716A88}.Release|Any CPU.ActiveCfg = Release|Any CPU
		{07C785FC-677B-4282-812E-E0DBA3716A88}.Release|Any CPU.Build.0 = Release|Any CPU
		{FC45B518-C79A-468D-9B67-66235F212810}.Debug|Any CPU.ActiveCfg = Debug|Any CPU
		{FC45B518-C79A-468D-9B67-66235F212810}.Debug|Any CPU.Build.0 = Debug|Any CPU
		{FC45B518-C79A-468D-9B67-66235F212810}.Release|Any CPU.ActiveCfg = Release|Any CPU
		{FC45B518-C79A-468D-9B67-66235F212810}.Release|Any CPU.Build.0 = Release|Any CPU
		{92C20029-FF74-425B-86D5-910CCD3BD0CF}.Debug|Any CPU.ActiveCfg = Debug|Any CPU
		{92C20029-FF74-425B-86D5-910CCD3BD0CF}.Debug|Any CPU.Build.0 = Debug|Any CPU
		{92C20029-FF74-425B-86D5-910CCD3BD0CF}.Release|Any CPU.ActiveCfg = Release|Any CPU
		{92C20029-FF74-425B-86D5-910CCD3BD0CF}.Release|Any CPU.Build.0 = Release|Any CPU
		{51C0A940-983A-4CD6-9853-6400D00C88AD}.Debug|Any CPU.ActiveCfg = Debug|Any CPU
		{51C0A940-983A-4CD6-9853-6400D00C88AD}.Debug|Any CPU.Build.0 = Debug|Any CPU
		{51C0A940-983A-4CD6-9853-6400D00C88AD}.Release|Any CPU.ActiveCfg = Release|Any CPU
		{51C0A940-983A-4CD6-9853-6400D00C88AD}.Release|Any CPU.Build.0 = Release|Any CPU
		{F7BFFFD5-9CAF-4025-99A2-09853E441261}.Debug|Any CPU.ActiveCfg = Debug|Any CPU
		{F7BFFFD5-9CAF-4025-99A2-09853E441261}.Debug|Any CPU.Build.0 = Debug|Any CPU
		{F7BFFFD5-9CAF-4025-99A2-09853E441261}.Release|Any CPU.ActiveCfg = Release|Any CPU
		{F7BFFFD5-9CAF-4025-99A2-09853E441261}.Release|Any CPU.Build.0 = Release|Any CPU
		{B50062AA-7A4D-4B70-950F-4BA9DE322A08}.Debug|Any CPU.ActiveCfg = Debug|Any CPU
		{B50062AA-7A4D-4B70-950F-4BA9DE322A08}.Debug|Any CPU.Build.0 = Debug|Any CPU
		{B50062AA-7A4D-4B70-950F-4BA9DE322A08}.Release|Any CPU.ActiveCfg = Release|Any CPU
		{B50062AA-7A4D-4B70-950F-4BA9DE322A08}.Release|Any CPU.Build.0 = Release|Any CPU
		{49DAE076-7080-4C24-AFD0-8E4B79949E2D}.Debug|Any CPU.ActiveCfg = Debug|Any CPU
		{49DAE076-7080-4C24-AFD0-8E4B79949E2D}.Debug|Any CPU.Build.0 = Debug|Any CPU
		{49DAE076-7080-4C24-AFD0-8E4B79949E2D}.Release|Any CPU.ActiveCfg = Release|Any CPU
		{49DAE076-7080-4C24-AFD0-8E4B79949E2D}.Release|Any CPU.Build.0 = Release|Any CPU
		{6D252BBA-F323-4D53-B311-60F5458CE7CA}.Debug|Any CPU.ActiveCfg = Debug|Any CPU
		{6D252BBA-F323-4D53-B311-60F5458CE7CA}.Debug|Any CPU.Build.0 = Debug|Any CPU
		{6D252BBA-F323-4D53-B311-60F5458CE7CA}.Release|Any CPU.ActiveCfg = Release|Any CPU
		{6D252BBA-F323-4D53-B311-60F5458CE7CA}.Release|Any CPU.Build.0 = Release|Any CPU
		{300F6E48-3BFB-46FB-9405-9ED1EEABEDA5}.Debug|Any CPU.ActiveCfg = Debug|Any CPU
		{300F6E48-3BFB-46FB-9405-9ED1EEABEDA5}.Debug|Any CPU.Build.0 = Debug|Any CPU
		{300F6E48-3BFB-46FB-9405-9ED1EEABEDA5}.Release|Any CPU.ActiveCfg = Release|Any CPU
		{300F6E48-3BFB-46FB-9405-9ED1EEABEDA5}.Release|Any CPU.Build.0 = Release|Any CPU
		{8E631974-6B54-494E-9D6F-01DCB6560C7A}.Debug|Any CPU.ActiveCfg = Debug|Any CPU
		{8E631974-6B54-494E-9D6F-01DCB6560C7A}.Debug|Any CPU.Build.0 = Debug|Any CPU
		{8E631974-6B54-494E-9D6F-01DCB6560C7A}.Release|Any CPU.ActiveCfg = Release|Any CPU
		{8E631974-6B54-494E-9D6F-01DCB6560C7A}.Release|Any CPU.Build.0 = Release|Any CPU
		{B026DBE8-A61C-44B3-BC88-D3EB07EBC578}.Debug|Any CPU.ActiveCfg = Debug|Any CPU
		{B026DBE8-A61C-44B3-BC88-D3EB07EBC578}.Debug|Any CPU.Build.0 = Debug|Any CPU
		{B026DBE8-A61C-44B3-BC88-D3EB07EBC578}.Release|Any CPU.ActiveCfg = Release|Any CPU
		{B026DBE8-A61C-44B3-BC88-D3EB07EBC578}.Release|Any CPU.Build.0 = Release|Any CPU
		{30A2DFB3-B11E-4A32-B644-C40686EFC0E4}.Debug|Any CPU.ActiveCfg = Debug|Any CPU
		{30A2DFB3-B11E-4A32-B644-C40686EFC0E4}.Debug|Any CPU.Build.0 = Debug|Any CPU
		{30A2DFB3-B11E-4A32-B644-C40686EFC0E4}.Release|Any CPU.ActiveCfg = Release|Any CPU
		{30A2DFB3-B11E-4A32-B644-C40686EFC0E4}.Release|Any CPU.Build.0 = Release|Any CPU
		{2179ADEA-BD86-499C-923B-DAA1EEE072D0}.Debug|Any CPU.ActiveCfg = Debug|Any CPU
		{2179ADEA-BD86-499C-923B-DAA1EEE072D0}.Debug|Any CPU.Build.0 = Debug|Any CPU
		{2179ADEA-BD86-499C-923B-DAA1EEE072D0}.Release|Any CPU.ActiveCfg = Release|Any CPU
		{2179ADEA-BD86-499C-923B-DAA1EEE072D0}.Release|Any CPU.Build.0 = Release|Any CPU
		{6C4FC77E-88CB-44B7-A41A-6E6731055E2E}.Debug|Any CPU.ActiveCfg = Debug|Any CPU
		{6C4FC77E-88CB-44B7-A41A-6E6731055E2E}.Debug|Any CPU.Build.0 = Debug|Any CPU
		{6C4FC77E-88CB-44B7-A41A-6E6731055E2E}.Release|Any CPU.ActiveCfg = Release|Any CPU
		{6C4FC77E-88CB-44B7-A41A-6E6731055E2E}.Release|Any CPU.Build.0 = Release|Any CPU
		{A55A9A2C-7071-4746-804C-9B56D586C6F8}.Debug|Any CPU.ActiveCfg = Debug|Any CPU
		{A55A9A2C-7071-4746-804C-9B56D586C6F8}.Debug|Any CPU.Build.0 = Debug|Any CPU
		{A55A9A2C-7071-4746-804C-9B56D586C6F8}.Release|Any CPU.ActiveCfg = Release|Any CPU
		{A55A9A2C-7071-4746-804C-9B56D586C6F8}.Release|Any CPU.Build.0 = Release|Any CPU
		{A8171038-B30A-4784-9AE2-51D0ABB5FCBF}.Debug|Any CPU.ActiveCfg = Debug|Any CPU
		{A8171038-B30A-4784-9AE2-51D0ABB5FCBF}.Debug|Any CPU.Build.0 = Debug|Any CPU
		{A8171038-B30A-4784-9AE2-51D0ABB5FCBF}.Release|Any CPU.ActiveCfg = Release|Any CPU
		{A8171038-B30A-4784-9AE2-51D0ABB5FCBF}.Release|Any CPU.Build.0 = Release|Any CPU
		{557ECEAE-FC5E-447C-9F27-35D618796E85}.Debug|Any CPU.ActiveCfg = Debug|Any CPU
		{557ECEAE-FC5E-447C-9F27-35D618796E85}.Debug|Any CPU.Build.0 = Debug|Any CPU
		{557ECEAE-FC5E-447C-9F27-35D618796E85}.Release|Any CPU.ActiveCfg = Release|Any CPU
		{557ECEAE-FC5E-447C-9F27-35D618796E85}.Release|Any CPU.Build.0 = Release|Any CPU
		{2D81E0E0-BD3F-441D-AACB-1EB64004C4DF}.Debug|Any CPU.ActiveCfg = Debug|Any CPU
		{2D81E0E0-BD3F-441D-AACB-1EB64004C4DF}.Debug|Any CPU.Build.0 = Debug|Any CPU
		{2D81E0E0-BD3F-441D-AACB-1EB64004C4DF}.Release|Any CPU.ActiveCfg = Release|Any CPU
		{2D81E0E0-BD3F-441D-AACB-1EB64004C4DF}.Release|Any CPU.Build.0 = Release|Any CPU
		{AF5E4E92-AED6-4D94-A521-7064FFAF62E2}.Debug|Any CPU.ActiveCfg = Debug|Any CPU
		{AF5E4E92-AED6-4D94-A521-7064FFAF62E2}.Debug|Any CPU.Build.0 = Debug|Any CPU
		{AF5E4E92-AED6-4D94-A521-7064FFAF62E2}.Release|Any CPU.ActiveCfg = Release|Any CPU
		{AF5E4E92-AED6-4D94-A521-7064FFAF62E2}.Release|Any CPU.Build.0 = Release|Any CPU
		{AC4D1363-FA3D-4C84-98EF-FA7E56745F91}.Debug|Any CPU.ActiveCfg = Debug|Any CPU
		{AC4D1363-FA3D-4C84-98EF-FA7E56745F91}.Debug|Any CPU.Build.0 = Debug|Any CPU
		{AC4D1363-FA3D-4C84-98EF-FA7E56745F91}.Release|Any CPU.ActiveCfg = Release|Any CPU
		{AC4D1363-FA3D-4C84-98EF-FA7E56745F91}.Release|Any CPU.Build.0 = Release|Any CPU
		{50A42F4E-2148-48CB-9848-7D6380435487}.Debug|Any CPU.ActiveCfg = Debug|Any CPU
		{50A42F4E-2148-48CB-9848-7D6380435487}.Debug|Any CPU.Build.0 = Debug|Any CPU
		{50A42F4E-2148-48CB-9848-7D6380435487}.Release|Any CPU.ActiveCfg = Release|Any CPU
		{50A42F4E-2148-48CB-9848-7D6380435487}.Release|Any CPU.Build.0 = Release|Any CPU
	EndGlobalSection
	GlobalSection(SolutionProperties) = preSolution
		HideSolutionNode = FALSE
	EndGlobalSection
	GlobalSection(NestedProjects) = preSolution
		{77EA8291-E395-4485-9B89-90BF1BB87F2D} = {DCCC08DA-9D41-47E0-A794-80D9819D0902}
		{D8F76A4F-7574-41D0-8FA7-D564634F655C} = {DCCC08DA-9D41-47E0-A794-80D9819D0902}
		{1727329D-4B65-4C0E-B1BB-C32E44A9DD07} = {DCCC08DA-9D41-47E0-A794-80D9819D0902}
		{A9570F9C-BE55-4ECE-977A-DAAA9D7AEC36} = {DCCC08DA-9D41-47E0-A794-80D9819D0902}
		{FD026DB6-C06A-4FE1-83E6-A2E31317C810} = {DCCC08DA-9D41-47E0-A794-80D9819D0902}
		{A71FB6B9-53A8-4B5E-B783-529FDD368706} = {2154BA8C-1AE5-4BD7-909D-76CBA2B3303B}
		{8B3C7E34-1F14-47A8-8B20-3B7E38F05CD6} = {C17D960F-6A8C-4E2B-8058-F693F4CFBC84}
		{20D10CD4-2D85-46BC-B7AE-E42797DBE865} = {C17D960F-6A8C-4E2B-8058-F693F4CFBC84}
		{F059F938-7BA0-40DF-B2A2-13A5EADCE776} = {C17D960F-6A8C-4E2B-8058-F693F4CFBC84}
		{B273EDE3-9890-4FD2-9343-D259D097B9EE} = {C17D960F-6A8C-4E2B-8058-F693F4CFBC84}
		{E1C50B37-5E96-48CB-BEC0-0AEA932A75E5} = {C17D960F-6A8C-4E2B-8058-F693F4CFBC84}
		{244713A6-C394-4034-AB71-8EBD3EE714EF} = {C17D960F-6A8C-4E2B-8058-F693F4CFBC84}
		{235028C7-E923-46A6-B02F-9DCE1F99B687} = {A40C868D-5AD2-4ECD-8B5C-C704670D312A}
		{D5D5AE2D-9816-4943-BBD5-94AC265B9695} = {A40C868D-5AD2-4ECD-8B5C-C704670D312A}
		{2F489BD9-B6F3-4605-95D3-F92D5CC8BC6D} = {A40C868D-5AD2-4ECD-8B5C-C704670D312A}
		{579D4046-F125-429B-AED6-EB24BBD82DC1} = {A40C868D-5AD2-4ECD-8B5C-C704670D312A}
		{F0CFAAE1-3F07-46E8-86D3-DE8BD988F1BA} = {A40C868D-5AD2-4ECD-8B5C-C704670D312A}
		{72B72F2E-39F0-4633-AD9E-4F0CF9BCA0C4} = {A40C868D-5AD2-4ECD-8B5C-C704670D312A}
		{C923D4EC-2E90-4E21-9C91-77CBC38AAEF3} = {A40C868D-5AD2-4ECD-8B5C-C704670D312A}
		{07C785FC-677B-4282-812E-E0DBA3716A88} = {A40C868D-5AD2-4ECD-8B5C-C704670D312A}
		{FC45B518-C79A-468D-9B67-66235F212810} = {A40C868D-5AD2-4ECD-8B5C-C704670D312A}
		{92C20029-FF74-425B-86D5-910CCD3BD0CF} = {7E22A314-EC84-4299-88EC-92247FC5B460}
		{51C0A940-983A-4CD6-9853-6400D00C88AD} = {7E22A314-EC84-4299-88EC-92247FC5B460}
		{F7BFFFD5-9CAF-4025-99A2-09853E441261} = {7E22A314-EC84-4299-88EC-92247FC5B460}
		{B50062AA-7A4D-4B70-950F-4BA9DE322A08} = {88220E5C-BC88-46ED-9731-EFB442C16BDB}
		{49DAE076-7080-4C24-AFD0-8E4B79949E2D} = {88220E5C-BC88-46ED-9731-EFB442C16BDB}
		{6D252BBA-F323-4D53-B311-60F5458CE7CA} = {88220E5C-BC88-46ED-9731-EFB442C16BDB}
		{300F6E48-3BFB-46FB-9405-9ED1EEABEDA5} = {88220E5C-BC88-46ED-9731-EFB442C16BDB}
		{8E631974-6B54-494E-9D6F-01DCB6560C7A} = {88220E5C-BC88-46ED-9731-EFB442C16BDB}
		{B026DBE8-A61C-44B3-BC88-D3EB07EBC578} = {88220E5C-BC88-46ED-9731-EFB442C16BDB}
		{30A2DFB3-B11E-4A32-B644-C40686EFC0E4} = {88220E5C-BC88-46ED-9731-EFB442C16BDB}
		{C17D960F-6A8C-4E2B-8058-F693F4CFBC84} = {2154BA8C-1AE5-4BD7-909D-76CBA2B3303B}
		{A40C868D-5AD2-4ECD-8B5C-C704670D312A} = {2154BA8C-1AE5-4BD7-909D-76CBA2B3303B}
		{7E22A314-EC84-4299-88EC-92247FC5B460} = {2154BA8C-1AE5-4BD7-909D-76CBA2B3303B}
		{88220E5C-BC88-46ED-9731-EFB442C16BDB} = {2154BA8C-1AE5-4BD7-909D-76CBA2B3303B}
		{D550F3D8-9659-440B-AB89-14A93CB47262} = {DCCC08DA-9D41-47E0-A794-80D9819D0902}
		{2179ADEA-BD86-499C-923B-DAA1EEE072D0} = {D550F3D8-9659-440B-AB89-14A93CB47262}
		{6C4FC77E-88CB-44B7-A41A-6E6731055E2E} = {D550F3D8-9659-440B-AB89-14A93CB47262}
		{A55A9A2C-7071-4746-804C-9B56D586C6F8} = {D550F3D8-9659-440B-AB89-14A93CB47262}
		{A8171038-B30A-4784-9AE2-51D0ABB5FCBF} = {D550F3D8-9659-440B-AB89-14A93CB47262}
		{557ECEAE-FC5E-447C-9F27-35D618796E85} = {D550F3D8-9659-440B-AB89-14A93CB47262}
		{2D81E0E0-BD3F-441D-AACB-1EB64004C4DF} = {D550F3D8-9659-440B-AB89-14A93CB47262}
		{AF5E4E92-AED6-4D94-A521-7064FFAF62E2} = {DCCC08DA-9D41-47E0-A794-80D9819D0902}
		{AC4D1363-FA3D-4C84-98EF-FA7E56745F91} = {DCCC08DA-9D41-47E0-A794-80D9819D0902}
		{50A42F4E-2148-48CB-9848-7D6380435487} = {DCCC08DA-9D41-47E0-A794-80D9819D0902}
	EndGlobalSection
	GlobalSection(ExtensibilityGlobals) = postSolution
		SolutionGuid = {00C9392B-A8C5-4A7C-AADC-DBD62E82E2DD}
	EndGlobalSection
EndGlobal
